// !$*UTF8*$!
{
	archiveVersion = 1;
	classes = {
	};
	objectVersion = 46;
	objects = {

/* Begin PBXBuildFile section */
		000CD8FF1E4842C700B4EF31 /* AppDelegate.m in Sources */ = {isa = PBXBuildFile; fileRef = 000CD8FE1E4842C700B4EF31 /* AppDelegate.m */; };
		000CD9021E4842C700B4EF31 /* main.m in Sources */ = {isa = PBXBuildFile; fileRef = 000CD9011E4842C700B4EF31 /* main.m */; };
		000CD9051E4842C700B4EF31 /* ViewController.m in Sources */ = {isa = PBXBuildFile; fileRef = 000CD9041E4842C700B4EF31 /* ViewController.m */; };
		000CD9071E4842C700B4EF31 /* Assets.xcassets in Resources */ = {isa = PBXBuildFile; fileRef = 000CD9061E4842C700B4EF31 /* Assets.xcassets */; };
		000CD90A1E4842C700B4EF31 /* Main.storyboard in Resources */ = {isa = PBXBuildFile; fileRef = 000CD9081E4842C700B4EF31 /* Main.storyboard */; };
		000CD90F1E4843C400B4EF31 /* HSFontTest.h in Sources */ = {isa = PBXBuildFile; fileRef = 00795CA21E48329400A9554A /* HSFontTest.h */; };
		000CD9101E4843C400B4EF31 /* HSFontTest.m in Sources */ = {isa = PBXBuildFile; fileRef = 00795CA31E48329400A9554A /* HSFontTest.m */; };
		00795C771E48326700A9554A /* main.m in Sources */ = {isa = PBXBuildFile; fileRef = 00795C761E48326700A9554A /* main.m */; };
		00795C7A1E48326700A9554A /* AppDelegate.m in Sources */ = {isa = PBXBuildFile; fileRef = 00795C791E48326700A9554A /* AppDelegate.m */; };
		00795C7D1E48326700A9554A /* ViewController.m in Sources */ = {isa = PBXBuildFile; fileRef = 00795C7C1E48326700A9554A /* ViewController.m */; };
		00795C801E48326700A9554A /* Main.storyboard in Resources */ = {isa = PBXBuildFile; fileRef = 00795C7E1E48326700A9554A /* Main.storyboard */; };
		00795C821E48326700A9554A /* Assets.xcassets in Resources */ = {isa = PBXBuildFile; fileRef = 00795C811E48326700A9554A /* Assets.xcassets */; };
		00795C851E48326700A9554A /* LaunchScreen.storyboard in Resources */ = {isa = PBXBuildFile; fileRef = 00795C831E48326700A9554A /* LaunchScreen.storyboard */; };
		00795CA41E48329400A9554A /* HSFontTest.m in Sources */ = {isa = PBXBuildFile; fileRef = 00795CA31E48329400A9554A /* HSFontTest.m */; };
		00C44EA81E5D63B60012561B /* GoogleService-Info.plist in Resources */ = {isa = PBXBuildFile; fileRef = 00C44EA71E5D63B60012561B /* GoogleService-Info.plist */; };
		9E6A34B4595FA565FCA518EF /* libPods-CCFontiOS.a in Frameworks */ = {isa = PBXBuildFile; fileRef = ACF6F54FDC41196A83EF0F13 /* libPods-CCFontiOS.a */; };
		A5AE9CE61A7B3A1B3D126EBC /* libPods-HSFontiOS.a in Frameworks */ = {isa = PBXBuildFile; fileRef = 0E185C92975178FE9C156A7E /* libPods-HSFontiOS.a */; };
		DF1B22DFD96FB24DB53E28F9 /* libPods-CCFontMac.a in Frameworks */ = {isa = PBXBuildFile; fileRef = AB389CD8A4B8C5C570F32DB2 /* libPods-CCFontMac.a */; };
		EC808BB31A3B27D04F6C25D2 /* libPods-HSFontMac.a in Frameworks */ = {isa = PBXBuildFile; fileRef = 040F9EFABE9EC429139EECEE /* libPods-HSFontMac.a */; };
/* End PBXBuildFile section */

/* Begin PBXFileReference section */
		000CD8FB1E4842C700B4EF31 /* CCFontMac.app */ = {isa = PBXFileReference; explicitFileType = wrapper.application; includeInIndex = 0; path = CCFontMac.app; sourceTree = BUILT_PRODUCTS_DIR; };
		000CD8FD1E4842C700B4EF31 /* AppDelegate.h */ = {isa = PBXFileReference; lastKnownFileType = sourcecode.c.h; path = AppDelegate.h; sourceTree = "<group>"; };
		000CD8FE1E4842C700B4EF31 /* AppDelegate.m */ = {isa = PBXFileReference; lastKnownFileType = sourcecode.c.objc; path = AppDelegate.m; sourceTree = "<group>"; };
		000CD9011E4842C700B4EF31 /* main.m */ = {isa = PBXFileReference; lastKnownFileType = sourcecode.c.objc; path = main.m; sourceTree = "<group>"; };
		000CD9031E4842C700B4EF31 /* ViewController.h */ = {isa = PBXFileReference; lastKnownFileType = sourcecode.c.h; path = ViewController.h; sourceTree = "<group>"; };
		000CD9041E4842C700B4EF31 /* ViewController.m */ = {isa = PBXFileReference; lastKnownFileType = sourcecode.c.objc; path = ViewController.m; sourceTree = "<group>"; };
		000CD9061E4842C700B4EF31 /* Assets.xcassets */ = {isa = PBXFileReference; lastKnownFileType = folder.assetcatalog; path = Assets.xcassets; sourceTree = "<group>"; };
		000CD9091E4842C700B4EF31 /* Base */ = {isa = PBXFileReference; lastKnownFileType = file.storyboard; name = Base; path = Base.lproj/Main.storyboard; sourceTree = "<group>"; };
		000CD90B1E4842C700B4EF31 /* Info.plist */ = {isa = PBXFileReference; lastKnownFileType = text.plist.xml; path = Info.plist; sourceTree = "<group>"; };
		00120AF220AEED320050B799 /* CCHalf.c */ = {isa = PBXFileReference; lastKnownFileType = sourcecode.c.c; path = CCHalf.c; sourceTree = "<group>"; };
		00120AF320AEED320050B799 /* CCFont+Simple.h */ = {isa = PBXFileReference; lastKnownFileType = sourcecode.c.h; path = "CCFont+Simple.h"; sourceTree = "<group>"; };
		00120AF420AEED320050B799 /* CCColor+Simple.h */ = {isa = PBXFileReference; lastKnownFileType = sourcecode.c.h; path = "CCColor+Simple.h"; sourceTree = "<group>"; };
		00120AF520AEED320050B799 /* CCHalf.h */ = {isa = PBXFileReference; lastKnownFileType = sourcecode.c.h; path = CCHalf.h; sourceTree = "<group>"; };
		00120AF620AEED320050B799 /* CCFont+Simple.m */ = {isa = PBXFileReference; lastKnownFileType = sourcecode.c.objc; path = "CCFont+Simple.m"; sourceTree = "<group>"; };
		00120AF720AEED320050B799 /* CCUtilities.h */ = {isa = PBXFileReference; lastKnownFileType = sourcecode.c.h; path = CCUtilities.h; sourceTree = "<group>"; };
		00120AF820AEED320050B799 /* CCColor+Simple.m */ = {isa = PBXFileReference; lastKnownFileType = sourcecode.c.objc; path = "CCColor+Simple.m"; sourceTree = "<group>"; };
		00795C731E48326700A9554A /* CCFontiOS.app */ = {isa = PBXFileReference; explicitFileType = wrapper.application; includeInIndex = 0; path = CCFontiOS.app; sourceTree = BUILT_PRODUCTS_DIR; };
		00795C761E48326700A9554A /* main.m */ = {isa = PBXFileReference; lastKnownFileType = sourcecode.c.objc; path = main.m; sourceTree = "<group>"; };
		00795C781E48326700A9554A /* AppDelegate.h */ = {isa = PBXFileReference; lastKnownFileType = sourcecode.c.h; path = AppDelegate.h; sourceTree = "<group>"; };
		00795C791E48326700A9554A /* AppDelegate.m */ = {isa = PBXFileReference; lastKnownFileType = sourcecode.c.objc; path = AppDelegate.m; sourceTree = "<group>"; };
		00795C7B1E48326700A9554A /* ViewController.h */ = {isa = PBXFileReference; lastKnownFileType = sourcecode.c.h; path = ViewController.h; sourceTree = "<group>"; };
		00795C7C1E48326700A9554A /* ViewController.m */ = {isa = PBXFileReference; lastKnownFileType = sourcecode.c.objc; path = ViewController.m; sourceTree = "<group>"; };
		00795C7F1E48326700A9554A /* Base */ = {isa = PBXFileReference; lastKnownFileType = file.storyboard; name = Base; path = Base.lproj/Main.storyboard; sourceTree = "<group>"; };
		00795C811E48326700A9554A /* Assets.xcassets */ = {isa = PBXFileReference; lastKnownFileType = folder.assetcatalog; path = Assets.xcassets; sourceTree = "<group>"; };
		00795C841E48326700A9554A /* Base */ = {isa = PBXFileReference; lastKnownFileType = file.storyboard; name = Base; path = Base.lproj/LaunchScreen.storyboard; sourceTree = "<group>"; };
		00795C861E48326700A9554A /* Info.plist */ = {isa = PBXFileReference; lastKnownFileType = text.plist.xml; path = Info.plist; sourceTree = "<group>"; };
		00795CA21E48329400A9554A /* HSFontTest.h */ = {isa = PBXFileReference; fileEncoding = 4; lastKnownFileType = sourcecode.c.h; path = HSFontTest.h; sourceTree = "<group>"; };
		00795CA31E48329400A9554A /* HSFontTest.m */ = {isa = PBXFileReference; fileEncoding = 4; lastKnownFileType = sourcecode.c.objc; path = HSFontTest.m; sourceTree = "<group>"; };
		00C44EA71E5D63B60012561B /* GoogleService-Info.plist */ = {isa = PBXFileReference; fileEncoding = 4; lastKnownFileType = text.plist.xml; path = "GoogleService-Info.plist"; sourceTree = "<group>"; };
		040F9EFABE9EC429139EECEE /* libPods-HSFontMac.a */ = {isa = PBXFileReference; explicitFileType = archive.ar; includeInIndex = 0; path = "libPods-HSFontMac.a"; sourceTree = BUILT_PRODUCTS_DIR; };
		0471EE4E34D6DC1CFA1FDCF4 /* Pods-HSFontiOS.debug.xcconfig */ = {isa = PBXFileReference; includeInIndex = 1; lastKnownFileType = text.xcconfig; name = "Pods-HSFontiOS.debug.xcconfig"; path = "Pods/Target Support Files/Pods-HSFontiOS/Pods-HSFontiOS.debug.xcconfig"; sourceTree = "<group>"; };
		0E185C92975178FE9C156A7E /* libPods-HSFontiOS.a */ = {isa = PBXFileReference; explicitFileType = archive.ar; includeInIndex = 0; path = "libPods-HSFontiOS.a"; sourceTree = BUILT_PRODUCTS_DIR; };
		702C493B16B8FE47C565D0C1 /* Pods-CCFontiOS.release.xcconfig */ = {isa = PBXFileReference; includeInIndex = 1; lastKnownFileType = text.xcconfig; name = "Pods-CCFontiOS.release.xcconfig"; path = "Pods/Target Support Files/Pods-CCFontiOS/Pods-CCFontiOS.release.xcconfig"; sourceTree = "<group>"; };
		85E6E1610978E1F13DBC58C2 /* Pods-HSFontMac.release.xcconfig */ = {isa = PBXFileReference; includeInIndex = 1; lastKnownFileType = text.xcconfig; name = "Pods-HSFontMac.release.xcconfig"; path = "Pods/Target Support Files/Pods-HSFontMac/Pods-HSFontMac.release.xcconfig"; sourceTree = "<group>"; };
		AB389CD8A4B8C5C570F32DB2 /* libPods-CCFontMac.a */ = {isa = PBXFileReference; explicitFileType = archive.ar; includeInIndex = 0; path = "libPods-CCFontMac.a"; sourceTree = BUILT_PRODUCTS_DIR; };
		ACF6F54FDC41196A83EF0F13 /* libPods-CCFontiOS.a */ = {isa = PBXFileReference; explicitFileType = archive.ar; includeInIndex = 0; path = "libPods-CCFontiOS.a"; sourceTree = BUILT_PRODUCTS_DIR; };
		D5AD552210417C48B6E60048 /* Pods-HSFontiOS.release.xcconfig */ = {isa = PBXFileReference; includeInIndex = 1; lastKnownFileType = text.xcconfig; name = "Pods-HSFontiOS.release.xcconfig"; path = "Pods/Target Support Files/Pods-HSFontiOS/Pods-HSFontiOS.release.xcconfig"; sourceTree = "<group>"; };
		DD6DFF03DFF809183E48F252 /* Pods-CCFontMac.debug.xcconfig */ = {isa = PBXFileReference; includeInIndex = 1; lastKnownFileType = text.xcconfig; name = "Pods-CCFontMac.debug.xcconfig"; path = "Pods/Target Support Files/Pods-CCFontMac/Pods-CCFontMac.debug.xcconfig"; sourceTree = "<group>"; };
		EC2801CF73EFD25537753CD4 /* Pods-CCFontMac.release.xcconfig */ = {isa = PBXFileReference; includeInIndex = 1; lastKnownFileType = text.xcconfig; name = "Pods-CCFontMac.release.xcconfig"; path = "Pods/Target Support Files/Pods-CCFontMac/Pods-CCFontMac.release.xcconfig"; sourceTree = "<group>"; };
		EF1CE2088087EBDDC82B0C6B /* Pods-HSFontMac.debug.xcconfig */ = {isa = PBXFileReference; includeInIndex = 1; lastKnownFileType = text.xcconfig; name = "Pods-HSFontMac.debug.xcconfig"; path = "Pods/Target Support Files/Pods-HSFontMac/Pods-HSFontMac.debug.xcconfig"; sourceTree = "<group>"; };
		EFD306E81E725CB75CF86CE8 /* Pods-CCFontiOS.debug.xcconfig */ = {isa = PBXFileReference; includeInIndex = 1; lastKnownFileType = text.xcconfig; name = "Pods-CCFontiOS.debug.xcconfig"; path = "Pods/Target Support Files/Pods-CCFontiOS/Pods-CCFontiOS.debug.xcconfig"; sourceTree = "<group>"; };
/* End PBXFileReference section */

/* Begin PBXFrameworksBuildPhase section */
		000CD8F81E4842C700B4EF31 /* Frameworks */ = {
			isa = PBXFrameworksBuildPhase;
			buildActionMask = 2147483647;
			files = (
				EC808BB31A3B27D04F6C25D2 /* libPods-HSFontMac.a in Frameworks */,
				DF1B22DFD96FB24DB53E28F9 /* libPods-CCFontMac.a in Frameworks */,
			);
			runOnlyForDeploymentPostprocessing = 0;
		};
		00795C701E48326700A9554A /* Frameworks */ = {
			isa = PBXFrameworksBuildPhase;
			buildActionMask = 2147483647;
			files = (
				A5AE9CE61A7B3A1B3D126EBC /* libPods-HSFontiOS.a in Frameworks */,
				9E6A34B4595FA565FCA518EF /* libPods-CCFontiOS.a in Frameworks */,
			);
			runOnlyForDeploymentPostprocessing = 0;
		};
/* End PBXFrameworksBuildPhase section */

/* Begin PBXGroup section */
		000CD8FC1E4842C700B4EF31 /* CCFontMac */ = {
			isa = PBXGroup;
			children = (
				000CD8FD1E4842C700B4EF31 /* AppDelegate.h */,
				000CD8FE1E4842C700B4EF31 /* AppDelegate.m */,
				000CD9031E4842C700B4EF31 /* ViewController.h */,
				000CD9041E4842C700B4EF31 /* ViewController.m */,
				000CD9061E4842C700B4EF31 /* Assets.xcassets */,
				000CD9081E4842C700B4EF31 /* Main.storyboard */,
				000CD90B1E4842C700B4EF31 /* Info.plist */,
				000CD9001E4842C700B4EF31 /* Supporting Files */,
			);
			path = CCFontMac;
			sourceTree = "<group>";
		};
		000CD9001E4842C700B4EF31 /* Supporting Files */ = {
			isa = PBXGroup;
			children = (
				000CD9011E4842C700B4EF31 /* main.m */,
			);
			name = "Supporting Files";
			sourceTree = "<group>";
		};
		00120AF120AEED320050B799 /* CCFont */ = {
			isa = PBXGroup;
			children = (
				00120AF520AEED320050B799 /* CCHalf.h */,
				00120AF220AEED320050B799 /* CCHalf.c */,
				00120AF320AEED320050B799 /* CCFont+Simple.h */,
				00120AF420AEED320050B799 /* CCColor+Simple.h */,
				00120AF620AEED320050B799 /* CCFont+Simple.m */,
				00120AF720AEED320050B799 /* CCUtilities.h */,
				00120AF820AEED320050B799 /* CCColor+Simple.m */,
			);
			name = CCFont;
			path = ../CCFont;
			sourceTree = "<group>";
		};
		00795C0F1E482EFD00A9554A = {
			isa = PBXGroup;
			children = (
				00120AF120AEED320050B799 /* CCFont */,
				00795C641E4830BD00A9554A /* CCFontTest */,
				00795C741E48326700A9554A /* CCFontiOS */,
				000CD8FC1E4842C700B4EF31 /* CCFontMac */,
				00795C1B1E482F6A00A9554A /* Products */,
				D1044BBB53A6DE0E97ED1B64 /* Pods */,
				02F24B884569078723EF9831 /* Frameworks */,
			);
			sourceTree = "<group>";
		};
		00795C1B1E482F6A00A9554A /* Products */ = {
			isa = PBXGroup;
			children = (
				00795C731E48326700A9554A /* CCFontiOS.app */,
				000CD8FB1E4842C700B4EF31 /* CCFontMac.app */,
			);
			name = Products;
			sourceTree = "<group>";
		};
		00795C641E4830BD00A9554A /* CCFontTest */ = {
			isa = PBXGroup;
			children = (
				00795CA21E48329400A9554A /* HSFontTest.h */,
				00795CA31E48329400A9554A /* HSFontTest.m */,
			);
			path = CCFontTest;
			sourceTree = "<group>";
		};
		00795C741E48326700A9554A /* CCFontiOS */ = {
			isa = PBXGroup;
			children = (
				00795C781E48326700A9554A /* AppDelegate.h */,
				00795C791E48326700A9554A /* AppDelegate.m */,
				00795C7B1E48326700A9554A /* ViewController.h */,
				00795C7C1E48326700A9554A /* ViewController.m */,
				00795C7E1E48326700A9554A /* Main.storyboard */,
				00795C811E48326700A9554A /* Assets.xcassets */,
				00795C831E48326700A9554A /* LaunchScreen.storyboard */,
				00795C861E48326700A9554A /* Info.plist */,
				00C44EA71E5D63B60012561B /* GoogleService-Info.plist */,
				00795C751E48326700A9554A /* Supporting Files */,
			);
			path = CCFontiOS;
			sourceTree = "<group>";
		};
		00795C751E48326700A9554A /* Supporting Files */ = {
			isa = PBXGroup;
			children = (
				00795C761E48326700A9554A /* main.m */,
			);
			name = "Supporting Files";
			sourceTree = "<group>";
		};
		02F24B884569078723EF9831 /* Frameworks */ = {
			isa = PBXGroup;
			children = (
				040F9EFABE9EC429139EECEE /* libPods-HSFontMac.a */,
				0E185C92975178FE9C156A7E /* libPods-HSFontiOS.a */,
				AB389CD8A4B8C5C570F32DB2 /* libPods-CCFontMac.a */,
				ACF6F54FDC41196A83EF0F13 /* libPods-CCFontiOS.a */,
			);
			name = Frameworks;
			sourceTree = "<group>";
		};
		D1044BBB53A6DE0E97ED1B64 /* Pods */ = {
			isa = PBXGroup;
			children = (
				EF1CE2088087EBDDC82B0C6B /* Pods-HSFontMac.debug.xcconfig */,
				85E6E1610978E1F13DBC58C2 /* Pods-HSFontMac.release.xcconfig */,
				0471EE4E34D6DC1CFA1FDCF4 /* Pods-HSFontiOS.debug.xcconfig */,
				D5AD552210417C48B6E60048 /* Pods-HSFontiOS.release.xcconfig */,
				DD6DFF03DFF809183E48F252 /* Pods-CCFontMac.debug.xcconfig */,
				EC2801CF73EFD25537753CD4 /* Pods-CCFontMac.release.xcconfig */,
				EFD306E81E725CB75CF86CE8 /* Pods-CCFontiOS.debug.xcconfig */,
				702C493B16B8FE47C565D0C1 /* Pods-CCFontiOS.release.xcconfig */,
			);
			name = Pods;
			sourceTree = "<group>";
		};
/* End PBXGroup section */

/* Begin PBXNativeTarget section */
		000CD8FA1E4842C700B4EF31 /* CCFontMac */ = {
			isa = PBXNativeTarget;
			buildConfigurationList = 000CD90C1E4842C700B4EF31 /* Build configuration list for PBXNativeTarget "CCFontMac" */;
			buildPhases = (
				813ED15BEE06092C9D386162 /* [CP] Check Pods Manifest.lock */,
				000CD8F71E4842C700B4EF31 /* Sources */,
				000CD8F81E4842C700B4EF31 /* Frameworks */,
				000CD8F91E4842C700B4EF31 /* Resources */,
			);
			buildRules = (
			);
			dependencies = (
			);
			name = CCFontMac;
			productName = HSFontMac;
			productReference = 000CD8FB1E4842C700B4EF31 /* CCFontMac.app */;
			productType = "com.apple.product-type.application";
		};
		00795C721E48326700A9554A /* CCFontiOS */ = {
			isa = PBXNativeTarget;
			buildConfigurationList = 00795C871E48326700A9554A /* Build configuration list for PBXNativeTarget "CCFontiOS" */;
			buildPhases = (
				F4B20EB5674829A627D05E95 /* [CP] Check Pods Manifest.lock */,
				00795C6F1E48326700A9554A /* Sources */,
				00795C701E48326700A9554A /* Frameworks */,
				00795C711E48326700A9554A /* Resources */,
			);
			buildRules = (
			);
			dependencies = (
			);
			name = CCFontiOS;
			productName = HSFontiOS;
			productReference = 00795C731E48326700A9554A /* CCFontiOS.app */;
			productType = "com.apple.product-type.application";
		};
/* End PBXNativeTarget section */

/* Begin PBXProject section */
		00795C101E482EFD00A9554A /* Project object */ = {
			isa = PBXProject;
			attributes = {
				LastUpgradeCheck = 0820;
				ORGANIZATIONNAME = "cc | ccworld1000@gmail.com";
				TargetAttributes = {
					000CD8FA1E4842C700B4EF31 = {
						CreatedOnToolsVersion = 8.2.1;
						ProvisioningStyle = Automatic;
					};
					00795C721E48326700A9554A = {
						CreatedOnToolsVersion = 8.2.1;
						ProvisioningStyle = Automatic;
					};
				};
			};
			buildConfigurationList = 00795C131E482EFD00A9554A /* Build configuration list for PBXProject "CCFontDemo" */;
			compatibilityVersion = "Xcode 3.2";
			developmentRegion = English;
			hasScannedForEncodings = 0;
			knownRegions = (
				en,
				Base,
			);
			mainGroup = 00795C0F1E482EFD00A9554A;
			productRefGroup = 00795C1B1E482F6A00A9554A /* Products */;
			projectDirPath = "";
			projectRoot = "";
			targets = (
				00795C721E48326700A9554A /* CCFontiOS */,
				000CD8FA1E4842C700B4EF31 /* CCFontMac */,
			);
		};
/* End PBXProject section */

/* Begin PBXResourcesBuildPhase section */
		000CD8F91E4842C700B4EF31 /* Resources */ = {
			isa = PBXResourcesBuildPhase;
			buildActionMask = 2147483647;
			files = (
				000CD9071E4842C700B4EF31 /* Assets.xcassets in Resources */,
				000CD90A1E4842C700B4EF31 /* Main.storyboard in Resources */,
			);
			runOnlyForDeploymentPostprocessing = 0;
		};
		00795C711E48326700A9554A /* Resources */ = {
			isa = PBXResourcesBuildPhase;
			buildActionMask = 2147483647;
			files = (
				00795C851E48326700A9554A /* LaunchScreen.storyboard in Resources */,
				00C44EA81E5D63B60012561B /* GoogleService-Info.plist in Resources */,
				00795C821E48326700A9554A /* Assets.xcassets in Resources */,
				00795C801E48326700A9554A /* Main.storyboard in Resources */,
			);
			runOnlyForDeploymentPostprocessing = 0;
		};
/* End PBXResourcesBuildPhase section */

/* Begin PBXShellScriptBuildPhase section */
		813ED15BEE06092C9D386162 /* [CP] Check Pods Manifest.lock */ = {
			isa = PBXShellScriptBuildPhase;
			buildActionMask = 2147483647;
			files = (
			);
			inputPaths = (
				"${PODS_PODFILE_DIR_PATH}/Podfile.lock",
				"${PODS_ROOT}/Manifest.lock",
			);
			name = "[CP] Check Pods Manifest.lock";
			outputPaths = (
				"$(DERIVED_FILE_DIR)/Pods-CCFontMac-checkManifestLockResult.txt",
			);
			runOnlyForDeploymentPostprocessing = 0;
			shellPath = /bin/sh;
			shellScript = "diff \"${PODS_PODFILE_DIR_PATH}/Podfile.lock\" \"${PODS_ROOT}/Manifest.lock\" > /dev/null\nif [ $? != 0 ] ; then\n    # print error to STDERR\n    echo \"error: The sandbox is not in sync with the Podfile.lock. Run 'pod install' or update your CocoaPods installation.\" >&2\n    exit 1\nfi\n# This output is used by Xcode 'outputs' to avoid re-running this script phase.\necho \"SUCCESS\" > \"${SCRIPT_OUTPUT_FILE_0}\"\n";
			showEnvVarsInLog = 0;
		};
		F4B20EB5674829A627D05E95 /* [CP] Check Pods Manifest.lock */ = {
			isa = PBXShellScriptBuildPhase;
			buildActionMask = 2147483647;
			files = (
			);
			inputPaths = (
				"${PODS_PODFILE_DIR_PATH}/Podfile.lock",
				"${PODS_ROOT}/Manifest.lock",
			);
			name = "[CP] Check Pods Manifest.lock";
			outputPaths = (
				"$(DERIVED_FILE_DIR)/Pods-CCFontiOS-checkManifestLockResult.txt",
			);
			runOnlyForDeploymentPostprocessing = 0;
			shellPath = /bin/sh;
			shellScript = "diff \"${PODS_PODFILE_DIR_PATH}/Podfile.lock\" \"${PODS_ROOT}/Manifest.lock\" > /dev/null\nif [ $? != 0 ] ; then\n    # print error to STDERR\n    echo \"error: The sandbox is not in sync with the Podfile.lock. Run 'pod install' or update your CocoaPods installation.\" >&2\n    exit 1\nfi\n# This output is used by Xcode 'outputs' to avoid re-running this script phase.\necho \"SUCCESS\" > \"${SCRIPT_OUTPUT_FILE_0}\"\n";
			showEnvVarsInLog = 0;
		};
/* End PBXShellScriptBuildPhase section */

/* Begin PBXSourcesBuildPhase section */
		000CD8F71E4842C700B4EF31 /* Sources */ = {
			isa = PBXSourcesBuildPhase;
			buildActionMask = 2147483647;
			files = (
				000CD90F1E4843C400B4EF31 /* HSFontTest.h in Sources */,
				000CD9101E4843C400B4EF31 /* HSFontTest.m in Sources */,
				000CD9051E4842C700B4EF31 /* ViewController.m in Sources */,
				000CD9021E4842C700B4EF31 /* main.m in Sources */,
				000CD8FF1E4842C700B4EF31 /* AppDelegate.m in Sources */,
			);
			runOnlyForDeploymentPostprocessing = 0;
		};
		00795C6F1E48326700A9554A /* Sources */ = {
			isa = PBXSourcesBuildPhase;
			buildActionMask = 2147483647;
			files = (
				00795C7D1E48326700A9554A /* ViewController.m in Sources */,
				00795CA41E48329400A9554A /* HSFontTest.m in Sources */,
				00795C7A1E48326700A9554A /* AppDelegate.m in Sources */,
				00795C771E48326700A9554A /* main.m in Sources */,
			);
			runOnlyForDeploymentPostprocessing = 0;
		};
/* End PBXSourcesBuildPhase section */

/* Begin PBXVariantGroup section */
		000CD9081E4842C700B4EF31 /* Main.storyboard */ = {
			isa = PBXVariantGroup;
			children = (
				000CD9091E4842C700B4EF31 /* Base */,
			);
			name = Main.storyboard;
			sourceTree = "<group>";
		};
		00795C7E1E48326700A9554A /* Main.storyboard */ = {
			isa = PBXVariantGroup;
			children = (
				00795C7F1E48326700A9554A /* Base */,
			);
			name = Main.storyboard;
			sourceTree = "<group>";
		};
		00795C831E48326700A9554A /* LaunchScreen.storyboard */ = {
			isa = PBXVariantGroup;
			children = (
				00795C841E48326700A9554A /* Base */,
			);
			name = LaunchScreen.storyboard;
			sourceTree = "<group>";
		};
/* End PBXVariantGroup section */

/* Begin XCBuildConfiguration section */
		000CD90D1E4842C700B4EF31 /* Debug */ = {
			isa = XCBuildConfiguration;
			baseConfigurationReference = DD6DFF03DFF809183E48F252 /* Pods-CCFontMac.debug.xcconfig */;
			buildSettings = {
				ALWAYS_SEARCH_USER_PATHS = NO;
				ASSETCATALOG_COMPILER_APPICON_NAME = AppIcon;
				CLANG_ANALYZER_NONNULL = YES;
				CLANG_CXX_LANGUAGE_STANDARD = "gnu++0x";
				CLANG_CXX_LIBRARY = "libc++";
				CLANG_ENABLE_MODULES = YES;
				CLANG_ENABLE_OBJC_ARC = YES;
				CLANG_WARN_BOOL_CONVERSION = YES;
				CLANG_WARN_CONSTANT_CONVERSION = YES;
				CLANG_WARN_DIRECT_OBJC_ISA_USAGE = YES_ERROR;
				CLANG_WARN_DOCUMENTATION_COMMENTS = YES;
				CLANG_WARN_EMPTY_BODY = YES;
				CLANG_WARN_ENUM_CONVERSION = YES;
				CLANG_WARN_INFINITE_RECURSION = YES;
				CLANG_WARN_INT_CONVERSION = YES;
				CLANG_WARN_OBJC_ROOT_CLASS = YES_ERROR;
				CLANG_WARN_SUSPICIOUS_MOVE = YES;
				CLANG_WARN_UNREACHABLE_CODE = YES;
				CLANG_WARN__DUPLICATE_METHOD_MATCH = YES;
				CODE_SIGN_IDENTITY = "-";
				COMBINE_HIDPI_IMAGES = YES;
				COPY_PHASE_STRIP = NO;
				DEBUG_INFORMATION_FORMAT = dwarf;
				ENABLE_STRICT_OBJC_MSGSEND = YES;
				ENABLE_TESTABILITY = YES;
				GCC_C_LANGUAGE_STANDARD = gnu99;
				GCC_DYNAMIC_NO_PIC = NO;
				GCC_NO_COMMON_BLOCKS = YES;
				GCC_OPTIMIZATION_LEVEL = 0;
				GCC_PREPROCESSOR_DEFINITIONS = (
					"DEBUG=1",
					"$(inherited)",
				);
				GCC_WARN_64_TO_32_BIT_CONVERSION = YES;
				GCC_WARN_ABOUT_RETURN_TYPE = YES_ERROR;
				GCC_WARN_UNDECLARED_SELECTOR = YES;
				GCC_WARN_UNINITIALIZED_AUTOS = YES_AGGRESSIVE;
				GCC_WARN_UNUSED_FUNCTION = YES;
				GCC_WARN_UNUSED_VARIABLE = YES;
				INFOPLIST_FILE = HSFontMac/Info.plist;
				LD_RUNPATH_SEARCH_PATHS = "$(inherited) @executable_path/../Frameworks";
				MACOSX_DEPLOYMENT_TARGET = 10.11;
				MTL_ENABLE_DEBUG_INFO = YES;
				ONLY_ACTIVE_ARCH = YES;
				PRODUCT_BUNDLE_IDENTIFIER = com.cc.HSFontMac;
				PRODUCT_NAME = "$(TARGET_NAME)";
				SDKROOT = macosx;
			};
			name = Debug;
		};
		000CD90E1E4842C700B4EF31 /* Release */ = {
			isa = XCBuildConfiguration;
			baseConfigurationReference = EC2801CF73EFD25537753CD4 /* Pods-CCFontMac.release.xcconfig */;
			buildSettings = {
				ALWAYS_SEARCH_USER_PATHS = NO;
				ASSETCATALOG_COMPILER_APPICON_NAME = AppIcon;
				CLANG_ANALYZER_NONNULL = YES;
				CLANG_CXX_LANGUAGE_STANDARD = "gnu++0x";
				CLANG_CXX_LIBRARY = "libc++";
				CLANG_ENABLE_MODULES = YES;
				CLANG_ENABLE_OBJC_ARC = YES;
				CLANG_WARN_BOOL_CONVERSION = YES;
				CLANG_WARN_CONSTANT_CONVERSION = YES;
				CLANG_WARN_DIRECT_OBJC_ISA_USAGE = YES_ERROR;
				CLANG_WARN_DOCUMENTATION_COMMENTS = YES;
				CLANG_WARN_EMPTY_BODY = YES;
				CLANG_WARN_ENUM_CONVERSION = YES;
				CLANG_WARN_INFINITE_RECURSION = YES;
				CLANG_WARN_INT_CONVERSION = YES;
				CLANG_WARN_OBJC_ROOT_CLASS = YES_ERROR;
				CLANG_WARN_SUSPICIOUS_MOVE = YES;
				CLANG_WARN_UNREACHABLE_CODE = YES;
				CLANG_WARN__DUPLICATE_METHOD_MATCH = YES;
				CODE_SIGN_IDENTITY = "-";
				COMBINE_HIDPI_IMAGES = YES;
				COPY_PHASE_STRIP = NO;
				DEBUG_INFORMATION_FORMAT = "dwarf-with-dsym";
				ENABLE_NS_ASSERTIONS = NO;
				ENABLE_STRICT_OBJC_MSGSEND = YES;
				GCC_C_LANGUAGE_STANDARD = gnu99;
				GCC_NO_COMMON_BLOCKS = YES;
				GCC_WARN_64_TO_32_BIT_CONVERSION = YES;
				GCC_WARN_ABOUT_RETURN_TYPE = YES_ERROR;
				GCC_WARN_UNDECLARED_SELECTOR = YES;
				GCC_WARN_UNINITIALIZED_AUTOS = YES_AGGRESSIVE;
				GCC_WARN_UNUSED_FUNCTION = YES;
				GCC_WARN_UNUSED_VARIABLE = YES;
				INFOPLIST_FILE = HSFontMac/Info.plist;
				LD_RUNPATH_SEARCH_PATHS = "$(inherited) @executable_path/../Frameworks";
				MACOSX_DEPLOYMENT_TARGET = 10.11;
				MTL_ENABLE_DEBUG_INFO = NO;
				PRODUCT_BUNDLE_IDENTIFIER = com.cc.HSFontMac;
				PRODUCT_NAME = "$(TARGET_NAME)";
				SDKROOT = macosx;
			};
			name = Release;
		};
		00795C141E482EFD00A9554A /* Debug */ = {
			isa = XCBuildConfiguration;
			buildSettings = {
			};
			name = Debug;
		};
		00795C151E482EFD00A9554A /* Release */ = {
			isa = XCBuildConfiguration;
			buildSettings = {
			};
			name = Release;
		};
		00795C881E48326700A9554A /* Debug */ = {
			isa = XCBuildConfiguration;
			baseConfigurationReference = EFD306E81E725CB75CF86CE8 /* Pods-CCFontiOS.debug.xcconfig */;
			buildSettings = {
				ALWAYS_SEARCH_USER_PATHS = NO;
				ASSETCATALOG_COMPILER_APPICON_NAME = AppIcon;
				CLANG_ANALYZER_NONNULL = YES;
				CLANG_CXX_LANGUAGE_STANDARD = "gnu++0x";
				CLANG_CXX_LIBRARY = "libc++";
				CLANG_ENABLE_MODULES = YES;
				CLANG_ENABLE_OBJC_ARC = YES;
				CLANG_WARN_BOOL_CONVERSION = YES;
				CLANG_WARN_CONSTANT_CONVERSION = YES;
				CLANG_WARN_DIRECT_OBJC_ISA_USAGE = YES_ERROR;
				CLANG_WARN_DOCUMENTATION_COMMENTS = YES;
				CLANG_WARN_EMPTY_BODY = YES;
				CLANG_WARN_ENUM_CONVERSION = YES;
				CLANG_WARN_INFINITE_RECURSION = YES;
				CLANG_WARN_INT_CONVERSION = YES;
				CLANG_WARN_OBJC_ROOT_CLASS = YES_ERROR;
				CLANG_WARN_SUSPICIOUS_MOVE = YES;
				CLANG_WARN_UNREACHABLE_CODE = YES;
				CLANG_WARN__DUPLICATE_METHOD_MATCH = YES;
				"CODE_SIGN_IDENTITY[sdk=iphoneos*]" = "iPhone Developer";
				COPY_PHASE_STRIP = NO;
				DEBUG_INFORMATION_FORMAT = dwarf;
				ENABLE_STRICT_OBJC_MSGSEND = YES;
				ENABLE_TESTABILITY = YES;
				GCC_C_LANGUAGE_STANDARD = gnu99;
				GCC_DYNAMIC_NO_PIC = NO;
				GCC_NO_COMMON_BLOCKS = YES;
				GCC_OPTIMIZATION_LEVEL = 0;
				GCC_PREPROCESSOR_DEFINITIONS = (
					"DEBUG=1",
					"$(inherited)",
				);
				GCC_WARN_64_TO_32_BIT_CONVERSION = YES;
				GCC_WARN_ABOUT_RETURN_TYPE = YES_ERROR;
				GCC_WARN_UNDECLARED_SELECTOR = YES;
				GCC_WARN_UNINITIALIZED_AUTOS = YES_AGGRESSIVE;
				GCC_WARN_UNUSED_FUNCTION = YES;
				GCC_WARN_UNUSED_VARIABLE = YES;
				INFOPLIST_FILE = HSFontiOS/Info.plist;
				IPHONEOS_DEPLOYMENT_TARGET = 8.0;
				LD_RUNPATH_SEARCH_PATHS = "$(inherited) @executable_path/Frameworks";
				MTL_ENABLE_DEBUG_INFO = YES;
				ONLY_ACTIVE_ARCH = YES;
				PRODUCT_BUNDLE_IDENTIFIER = com.cc.HSFontiOS;
				PRODUCT_NAME = "$(TARGET_NAME)";
				SDKROOT = iphoneos;
				TARGETED_DEVICE_FAMILY = "1,2";
			};
			name = Debug;
		};
		00795C891E48326700A9554A /* Release */ = {
			isa = XCBuildConfiguration;
			baseConfigurationReference = 702C493B16B8FE47C565D0C1 /* Pods-CCFontiOS.release.xcconfig */;
			buildSettings = {
				ALWAYS_SEARCH_USER_PATHS = NO;
				ASSETCATALOG_COMPILER_APPICON_NAME = AppIcon;
				CLANG_ANALYZER_NONNULL = YES;
				CLANG_CXX_LANGUAGE_STANDARD = "gnu++0x";
				CLANG_CXX_LIBRARY = "libc++";
				CLANG_ENABLE_MODULES = YES;
				CLANG_ENABLE_OBJC_ARC = YES;
				CLANG_WARN_BOOL_CONVERSION = YES;
				CLANG_WARN_CONSTANT_CONVERSION = YES;
				CLANG_WARN_DIRECT_OBJC_ISA_USAGE = YES_ERROR;
				CLANG_WARN_DOCUMENTATION_COMMENTS = YES;
				CLANG_WARN_EMPTY_BODY = YES;
				CLANG_WARN_ENUM_CONVERSION = YES;
				CLANG_WARN_INFINITE_RECURSION = YES;
				CLANG_WARN_INT_CONVERSION = YES;
				CLANG_WARN_OBJC_ROOT_CLASS = YES_ERROR;
				CLANG_WARN_SUSPICIOUS_MOVE = YES;
				CLANG_WARN_UNREACHABLE_CODE = YES;
				CLANG_WARN__DUPLICATE_METHOD_MATCH = YES;
				"CODE_SIGN_IDENTITY[sdk=iphoneos*]" = "iPhone Developer";
				COPY_PHASE_STRIP = NO;
				DEBUG_INFORMATION_FORMAT = "dwarf-with-dsym";
				ENABLE_NS_ASSERTIONS = NO;
				ENABLE_STRICT_OBJC_MSGSEND = YES;
				GCC_C_LANGUAGE_STANDARD = gnu99;
				GCC_NO_COMMON_BLOCKS = YES;
				GCC_WARN_64_TO_32_BIT_CONVERSION = YES;
				GCC_WARN_ABOUT_RETURN_TYPE = YES_ERROR;
				GCC_WARN_UNDECLARED_SELECTOR = YES;
				GCC_WARN_UNINITIALIZED_AUTOS = YES_AGGRESSIVE;
				GCC_WARN_UNUSED_FUNCTION = YES;
				GCC_WARN_UNUSED_VARIABLE = YES;
				INFOPLIST_FILE = HSFontiOS/Info.plist;
				IPHONEOS_DEPLOYMENT_TARGET = 8.0;
				LD_RUNPATH_SEARCH_PATHS = "$(inherited) @executable_path/Frameworks";
				MTL_ENABLE_DEBUG_INFO = NO;
				PRODUCT_BUNDLE_IDENTIFIER = com.cc.HSFontiOS;
				PRODUCT_NAME = "$(TARGET_NAME)";
				SDKROOT = iphoneos;
				TARGETED_DEVICE_FAMILY = "1,2";
				VALIDATE_PRODUCT = YES;
			};
			name = Release;
		};
/* End XCBuildConfiguration section */

/* Begin XCConfigurationList section */
		000CD90C1E4842C700B4EF31 /* Build configuration list for PBXNativeTarget "CCFontMac" */ = {
			isa = XCConfigurationList;
			buildConfigurations = (
				000CD90D1E4842C700B4EF31 /* Debug */,
				000CD90E1E4842C700B4EF31 /* Release */,
			);
			defaultConfigurationIsVisible = 0;
			defaultConfigurationName = Release;
		};
		00795C131E482EFD00A9554A /* Build configuration list for PBXProject "CCFontDemo" */ = {
			isa = XCConfigurationList;
			buildConfigurations = (
				00795C141E482EFD00A9554A /* Debug */,
				00795C151E482EFD00A9554A /* Release */,
			);
			defaultConfigurationIsVisible = 0;
			defaultConfigurationName = Release;
		};
		00795C871E48326700A9554A /* Build configuration list for PBXNativeTarget "CCFontiOS" */ = {
			isa = XCConfigurationList;
			buildConfigurations = (
				00795C881E48326700A9554A /* Debug */,
				00795C891E48326700A9554A /* Release */,
			);
			defaultConfigurationIsVisible = 0;
			defaultConfigurationName = Release;
		};
/* End XCConfigurationList section */
	};
	rootObject = 00795C101E482EFD00A9554A /* Project object */;
}
